
Microsoft Visual Studio Solution File, Format Version 12.00
# Visual Studio Version 17
VisualStudioVersion = 17.1.32228.430
MinimumVisualStudioVersion = 10.0.40219.1
Project("{FAE04EC0-301F-11D3-BF4B-00C04F79EFBC}") = "FileHelper", "FileHelper\FileHelper.csproj", "{51E18535-367E-4210-A77B-0E81C2EB685A}"
EndProject
Global
	GlobalSection(SolutionConfigurationPlatforms) = preSolution
		Debug|Any CPU = Debug|Any CPU
		Release|Any CPU = Release|Any CPU
	EndGlobalSection
	GlobalSection(ProjectConfigurationPlatforms) = postSolution
		{51E18535-367E-4210-A77B-0E81C2EB685A}.Debug|Any CPU.ActiveCfg = Debug|Any CPU
		{51E18535-367E-4210-A77B-0E81C2EB685A}.Debug|Any CPU.Build.0 = Debug|Any CPU
		{51E18535-367E-4210-A77B-0E81C2EB685A}.Release|Any CPU.ActiveCfg = Release|Any CPU
		{51E18535-367E-4210-A77B-0E81C2EB685A}.Release|Any CPU.Build.0 = Release|Any CPU
	EndGlobalSection
	GlobalSection(SolutionProperties) = preSolution
		HideSolutionNode = FALSE
	EndGlobalSection
	GlobalSection(ExtensibilityGlobals) = postSolution
		SolutionGuid = {00514611-F6E6-4A1E-A599-D85CBC4AD068}
	EndGlobalSection
EndGlobal
